// !$*UTF8*$!
{
	archiveVersion = 1;
	classes = {
	};
	objectVersion = 77;
	objects = {

/* Begin PBXContainerItemProxy section */
		85FC8AE82DB3942F0095351B /* PBXContainerItemProxy */ = {
			isa = PBXContainerItemProxy;
			containerPortal = 85FC8ACF2DB3942D0095351B /* Project object */;
			proxyType = 1;
			remoteGlobalIDString = 85FC8AD62DB3942D0095351B;
			remoteInfo = "War Card Game";
		};
		85FC8AF22DB3942F0095351B /* PBXContainerItemProxy */ = {
			isa = PBXContainerItemProxy;
			containerPortal = 85FC8ACF2DB3942D0095351B /* Project object */;
			proxyType = 1;
			remoteGlobalIDString = 85FC8AD62DB3942D0095351B;
			remoteInfo = "War Card Game";
		};
/* End PBXContainerItemProxy section */

/* Begin PBXFileReference section */
		85FC8AD72DB3942D0095351B /* War Card Game.app */ = {isa = PBXFileReference; explicitFileType = wrapper.application; includeInIndex = 0; path = "War Card Game.app"; sourceTree = BUILT_PRODUCTS_DIR; };
		85FC8AE72DB3942F0095351B /* War Card GameTests.xctest */ = {isa = PBXFileReference; explicitFileType = wrapper.cfbundle; includeInIndex = 0; path = "War Card GameTests.xctest"; sourceTree = BUILT_PRODUCTS_DIR; };
		85FC8AF12DB3942F0095351B /* War Card GameUITests.xctest */ = {isa = PBXFileReference; explicitFileType = wrapper.cfbundle; includeInIndex = 0; path = "War Card GameUITests.xctest"; sourceTree = BUILT_PRODUCTS_DIR; };
/* End PBXFileReference section */

/* Begin PBXFileSystemSynchronizedRootGroup section */
		85FC8AD92DB3942D0095351B /* War Card Game */ = {
			isa = PBXFileSystemSynchronizedRootGroup;
			path = "War Card Game";
			sourceTree = "<group>";
		};
		85FC8AEA2DB3942F0095351B /* War Card GameTests */ = {
			isa = PBXFileSystemSynchronizedRootGroup;
			path = "War Card GameTests";
			sourceTree = "<group>";
		};
		85FC8AF42DB3942F0095351B /* War Card GameUITests */ = {
			isa = PBXFileSystemSynchronizedRootGroup;
			path = "War Card GameUITests";
			sourceTree = "<group>";
		};
/* End PBXFileSystemSynchronizedRootGroup section */

/* Begin PBXFrameworksBuildPhase section */
		85FC8AD42DB3942D0095351B /* Frameworks */ = {
			isa = PBXFrameworksBuildPhase;
			buildActionMask = 2147483647;
			files = (
			);
			runOnlyForDeploymentPostprocessing = 0;
		};
		85FC8AE42DB3942F0095351B /* Frameworks */ = {
			isa = PBXFrameworksBuildPhase;
			buildActionMask = 2147483647;
			files = (
			);
			runOnlyForDeploymentPostprocessing = 0;
		};
		85FC8AEE2DB3942F0095351B /* Frameworks */ = {
			isa = PBXFrameworksBuildPhase;
			buildActionMask = 2147483647;
			files = (
			);
			runOnlyForDeploymentPostprocessing = 0;
		};
/* End PBXFrameworksBuildPhase section */

/* Begin PBXGroup section */
		85FC8ACE2DB3942D0095351B = {
			isa = PBXGroup;
			children = (
				85FC8AD92DB3942D0095351B /* War Card Game */,
				85FC8AEA2DB3942F0095351B /* War Card GameTests */,
				85FC8AF42DB3942F0095351B /* War Card GameUITests */,
				85FC8AD82DB3942D0095351B /* Products */,
			);
			sourceTree = "<group>";
		};
		85FC8AD82DB3942D0095351B /* Products */ = {
			isa = PBXGroup;
			children = (
				85FC8AD72DB3942D0095351B /* War Card Game.app */,
				85FC8AE72DB3942F0095351B /* War Card GameTests.xctest */,
				85FC8AF12DB3942F0095351B /* War Card GameUITests.xctest */,
			);
			name = Products;
			sourceTree = "<group>";
		};
/* End PBXGroup section */

/* Begin PBXNativeTarget section */
		85FC8AD62DB3942D0095351B /* War Card Game */ = {
			isa = PBXNativeTarget;
			buildConfigurationList = 85FC8AFB2DB3942F0095351B /* Build configuration list for PBXNativeTarget "War Card Game" */;
			buildPhases = (
				85FC8AD32DB3942D0095351B /* Sources */,
				85FC8AD42DB3942D0095351B /* Frameworks */,
				85FC8AD52DB3942D0095351B /* Resources */,
			);
			buildRules = (
			);
			dependencies = (
			);
			fileSystemSynchronizedGroups = (
				85FC8AD92DB3942D0095351B /* War Card Game */,
			);
			name = "War Card Game";
			packageProductDependencies = (
			);
			productName = "War Card Game";
			productReference = 85FC8AD72DB3942D0095351B /* War Card Game.app */;
			productType = "com.apple.product-type.application";
		};
		85FC8AE62DB3942F0095351B /* War Card GameTests */ = {
			isa = PBXNativeTarget;
			buildConfigurationList = 85FC8AFE2DB3942F0095351B /* Build configuration list for PBXNativeTarget "War Card GameTests" */;
			buildPhases = (
				85FC8AE32DB3942F0095351B /* Sources */,
				85FC8AE42DB3942F0095351B /* Frameworks */,
				85FC8AE52DB3942F0095351B /* Resources */,
			);
			buildRules = (
			);
			dependencies = (
				85FC8AE92DB3942F0095351B /* PBXTargetDependency */,
			);
			fileSystemSynchronizedGroups = (
				85FC8AEA2DB3942F0095351B /* War Card GameTests */,
			);
			name = "War Card GameTests";
			packageProductDependencies = (
			);
			productName = "War Card GameTests";
			productReference = 85FC8AE72DB3942F0095351B /* War Card GameTests.xctest */;
			productType = "com.apple.product-type.bundle.unit-test";
		};
		85FC8AF02DB3942F0095351B /* War Card GameUITests */ = {
			isa = PBXNativeTarget;
			buildConfigurationList = 85FC8B012DB3942F0095351B /* Build configuration list for PBXNativeTarget "War Card GameUITests" */;
			buildPhases = (
				85FC8AED2DB3942F0095351B /* Sources */,
				85FC8AEE2DB3942F0095351B /* Frameworks */,
				85FC8AEF2DB3942F0095351B /* Resources */,
			);
			buildRules = (
			);
			dependencies = (
				85FC8AF32DB3942F0095351B /* PBXTargetDependency */,
			);
			fileSystemSynchronizedGroups = (
				85FC8AF42DB3942F0095351B /* War Card GameUITests */,
			);
			name = "War Card GameUITests";
			packageProductDependencies = (
			);
			productName = "War Card GameUITests";
			productReference = 85FC8AF12DB3942F0095351B /* War Card GameUITests.xctest */;
			productType = "com.apple.product-type.bundle.ui-testing";
		};
/* End PBXNativeTarget section */

/* Begin PBXProject section */
		85FC8ACF2DB3942D0095351B /* Project object */ = {
			isa = PBXProject;
			attributes = {
				BuildIndependentTargetsInParallel = 1;
				LastSwiftUpdateCheck = 1620;
				LastUpgradeCheck = 1620;
				TargetAttributes = {
					85FC8AD62DB3942D0095351B = {
						CreatedOnToolsVersion = 16.2;
					};
					85FC8AE62DB3942F0095351B = {
						CreatedOnToolsVersion = 16.2;
						TestTargetID = 85FC8AD62DB3942D0095351B;
					};
					85FC8AF02DB3942F0095351B = {
						CreatedOnToolsVersion = 16.2;
						TestTargetID = 85FC8AD62DB3942D0095351B;
					};
				};
			};
			buildConfigurationList = 85FC8AD22DB3942D0095351B /* Build configuration list for PBXProject "War Card Game" */;
			developmentRegion = en;
			hasScannedForEncodings = 0;
			knownRegions = (
				en,
				Base,
			);
			mainGroup = 85FC8ACE2DB3942D0095351B;
			minimizedProjectReferenceProxies = 1;
			preferredProjectObjectVersion = 77;
			productRefGroup = 85FC8AD82DB3942D0095351B /* Products */;
			projectDirPath = "";
			projectRoot = "";
			targets = (
				85FC8AD62DB3942D0095351B /* War Card Game */,
				85FC8AE62DB3942F0095351B /* War Card GameTests */,
				85FC8AF02DB3942F0095351B /* War Card GameUITests */,
			);
		};
/* End PBXProject section */

/* Begin PBXResourcesBuildPhase section */
		85FC8AD52DB3942D0095351B /* Resources */ = {
			isa = PBXResourcesBuildPhase;
			buildActionMask = 2147483647;
			files = (
			);
			runOnlyForDeploymentPostprocessing = 0;
		};
		85FC8AE52DB3942F0095351B /* Resources */ = {
			isa = PBXResourcesBuildPhase;
			buildActionMask = 2147483647;
			files = (
			);
			runOnlyForDeploymentPostprocessing = 0;
		};
		85FC8AEF2DB3942F0095351B /* Resources */ = {
			isa = PBXResourcesBuildPhase;
			buildActionMask = 2147483647;
			files = (
			);
			runOnlyForDeploymentPostprocessing = 0;
		};
/* End PBXResourcesBuildPhase section */

/* Begin PBXSourcesBuildPhase section */
		85FC8AD32DB3942D0095351B /* Sources */ = {
			isa = PBXSourcesBuildPhase;
			buildActionMask = 2147483647;
			files = (
			);
			runOnlyForDeploymentPostprocessing = 0;
		};
		85FC8AE32DB3942F0095351B /* Sources */ = {
			isa = PBXSourcesBuildPhase;
			buildActionMask = 2147483647;
			files = (
			);
			runOnlyForDeploymentPostprocessing = 0;
		};
		85FC8AED2DB3942F0095351B /* Sources */ = {
			isa = PBXSourcesBuildPhase;
			buildActionMask = 2147483647;
			files = (
			);
			runOnlyForDeploymentPostprocessing = 0;
		};
/* End PBXSourcesBuildPhase section */

/* Begin PBXTargetDependency section */
		85FC8AE92DB3942F0095351B /* PBXTargetDependency */ = {
			isa = PBXTargetDependency;
			target = 85FC8AD62DB3942D0095351B /* War Card Game */;
			targetProxy = 85FC8AE82DB3942F0095351B /* PBXContainerItemProxy */;
		};
		85FC8AF32DB3942F0095351B /* PBXTargetDependency */ = {
			isa = PBXTargetDependency;
			target = 85FC8AD62DB3942D0095351B /* War Card Game */;
			targetProxy = 85FC8AF22DB3942F0095351B /* PBXContainerItemProxy */;
		};
/* End PBXTargetDependency section */

/* Begin XCBuildConfiguration section */
		85FC8AF92DB3942F0095351B /* Debug */ = {
			isa = XCBuildConfiguration;
			buildSettings = {
				ALWAYS_SEARCH_USER_PATHS = NO;
				ASSETCATALOG_COMPILER_GENERATE_SWIFT_ASSET_SYMBOL_EXTENSIONS = YES;
				CLANG_ANALYZER_NONNULL = YES;
				CLANG_ANALYZER_NUMBER_OBJECT_CONVERSION = YES_AGGRESSIVE;
				CLANG_CXX_LANGUAGE_STANDARD = "gnu++20";
				CLANG_ENABLE_MODULES = YES;
				CLANG_ENABLE_OBJC_ARC = YES;
				CLANG_ENABLE_OBJC_WEAK = YES;
				CLANG_WARN_BLOCK_CAPTURE_AUTORELEASING = YES;
				CLANG_WARN_BOOL_CONVERSION = YES;
				CLANG_WARN_COMMA = YES;
				CLANG_WARN_CONSTANT_CONVERSION = YES;
				CLANG_WARN_DEPRECATED_OBJC_IMPLEMENTATIONS = YES;
				CLANG_WARN_DIRECT_OBJC_ISA_USAGE = YES_ERROR;
				CLANG_WARN_DOCUMENTATION_COMMENTS = YES;
				CLANG_WARN_EMPTY_BODY = YES;
				CLANG_WARN_ENUM_CONVERSION = YES;
				CLANG_WARN_INFINITE_RECURSION = YES;
				CLANG_WARN_INT_CONVERSION = YES;
				CLANG_WARN_NON_LITERAL_NULL_CONVERSION = YES;
				CLANG_WARN_OBJC_IMPLICIT_RETAIN_SELF = YES;
				CLANG_WARN_OBJC_LITERAL_CONVERSION = YES;
				CLANG_WARN_OBJC_ROOT_CLASS = YES_ERROR;
				CLANG_WARN_QUOTED_INCLUDE_IN_FRAMEWORK_HEADER = YES;
				CLANG_WARN_RANGE_LOOP_ANALYSIS = YES;
				CLANG_WARN_STRICT_PROTOTYPES = YES;
				CLANG_WARN_SUSPICIOUS_MOVE = YES;
				CLANG_WARN_UNGUARDED_AVAILABILITY = YES_AGGRESSIVE;
				CLANG_WARN_UNREACHABLE_CODE = YES;
				CLANG_WARN__DUPLICATE_METHOD_MATCH = YES;
				COPY_PHASE_STRIP = NO;
				DEBUG_INFORMATION_FORMAT = dwarf;
				ENABLE_STRICT_OBJC_MSGSEND = YES;
				ENABLE_TESTABILITY = YES;
				ENABLE_USER_SCRIPT_SANDBOXING = YES;
				GCC_C_LANGUAGE_STANDARD = gnu17;
				GCC_DYNAMIC_NO_PIC = NO;
				GCC_NO_COMMON_BLOCKS = YES;
				GCC_OPTIMIZATION_LEVEL = 0;
				GCC_PREPROCESSOR_DEFINITIONS = (
					"DEBUG=1",
					"$(inherited)",
				);
				GCC_WARN_64_TO_32_BIT_CONVERSION = YES;
				GCC_WARN_ABOUT_RETURN_TYPE = YES_ERROR;
				GCC_WARN_UNDECLARED_SELECTOR = YES;
				GCC_WARN_UNINITIALIZED_AUTOS = YES_AGGRESSIVE;
				GCC_WARN_UNUSED_FUNCTION = YES;
				GCC_WARN_UNUSED_VARIABLE = YES;
				IPHONEOS_DEPLOYMENT_TARGET = 18.2;
				LOCALIZATION_PREFERS_STRING_CATALOGS = YES;
				MTL_ENABLE_DEBUG_INFO = INCLUDE_SOURCE;
				MTL_FAST_MATH = YES;
				ONLY_ACTIVE_ARCH = YES;
				SDKROOT = iphoneos;
				SWIFT_ACTIVE_COMPILATION_CONDITIONS = "DEBUG $(inherited)";
				SWIFT_OPTIMIZATION_LEVEL = "-Onone";
			};
			name = Debug;
		};
		85FC8AFA2DB3942F0095351B /* Release */ = {
			isa = XCBuildConfiguration;
			buildSettings = {
				ALWAYS_SEARCH_USER_PATHS = NO;
				ASSETCATALOG_COMPILER_GENERATE_SWIFT_ASSET_SYMBOL_EXTENSIONS = YES;
				CLANG_ANALYZER_NONNULL = YES;
				CLANG_ANALYZER_NUMBER_OBJECT_CONVERSION = YES_AGGRESSIVE;
				CLANG_CXX_LANGUAGE_STANDARD = "gnu++20";
				CLANG_ENABLE_MODULES = YES;
				CLANG_ENABLE_OBJC_ARC = YES;
				CLANG_ENABLE_OBJC_WEAK = YES;
				CLANG_WARN_BLOCK_CAPTURE_AUTORELEASING = YES;
				CLANG_WARN_BOOL_CONVERSION = YES;
				CLANG_WARN_COMMA = YES;
				CLANG_WARN_CONSTANT_CONVERSION = YES;
				CLANG_WARN_DEPRECATED_OBJC_IMPLEMENTATIONS = YES;
				CLANG_WARN_DIRECT_OBJC_ISA_USAGE = YES_ERROR;
				CLANG_WARN_DOCUMENTATION_COMMENTS = YES;
				CLANG_WARN_EMPTY_BODY = YES;
				CLANG_WARN_ENUM_CONVERSION = YES;
				CLANG_WARN_INFINITE_RECURSION = YES;
				CLANG_WARN_INT_CONVERSION = YES;
				CLANG_WARN_NON_LITERAL_NULL_CONVERSION = YES;
				CLANG_WARN_OBJC_IMPLICIT_RETAIN_SELF = YES;
				CLANG_WARN_OBJC_LITERAL_CONVERSION = YES;
				CLANG_WARN_OBJC_ROOT_CLASS = YES_ERROR;
				CLANG_WARN_QUOTED_INCLUDE_IN_FRAMEWORK_HEADER = YES;
				CLANG_WARN_RANGE_LOOP_ANALYSIS = YES;
				CLANG_WARN_STRICT_PROTOTYPES = YES;
				CLANG_WARN_SUSPICIOUS_MOVE = YES;
				CLANG_WARN_UNGUARDED_AVAILABILITY = YES_AGGRESSIVE;
				CLANG_WARN_UNREACHABLE_CODE = YES;
				CLANG_WARN__DUPLICATE_METHOD_MATCH = YES;
				COPY_PHASE_STRIP = NO;
				DEBUG_INFORMATION_FORMAT = "dwarf-with-dsym";
				ENABLE_NS_ASSERTIONS = NO;
				ENABLE_STRICT_OBJC_MSGSEND = YES;
				ENABLE_USER_SCRIPT_SANDBOXING = YES;
				GCC_C_LANGUAGE_STANDARD = gnu17;
				GCC_NO_COMMON_BLOCKS = YES;
				GCC_WARN_64_TO_32_BIT_CONVERSION = YES;
				GCC_WARN_ABOUT_RETURN_TYPE = YES_ERROR;
				GCC_WARN_UNDECLARED_SELECTOR = YES;
				GCC_WARN_UNINITIALIZED_AUTOS = YES_AGGRESSIVE;
				GCC_WARN_UNUSED_FUNCTION = YES;
				GCC_WARN_UNUSED_VARIABLE = YES;
				IPHONEOS_DEPLOYMENT_TARGET = 18.2;
				LOCALIZATION_PREFERS_STRING_CATALOGS = YES;
				MTL_ENABLE_DEBUG_INFO = NO;
				MTL_FAST_MATH = YES;
				SDKROOT = iphoneos;
				SWIFT_COMPILATION_MODE = wholemodule;
				VALIDATE_PRODUCT = YES;
			};
			name = Release;
		};
		85FC8AFC2DB3942F0095351B /* Debug */ = {
			isa = XCBuildConfiguration;
			buildSettings = {
				ASSETCATALOG_COMPILER_APPICON_NAME = AppIcon;
				ASSETCATALOG_COMPILER_GLOBAL_ACCENT_COLOR_NAME = AccentColor;
				CODE_SIGN_STYLE = Automatic;
				CURRENT_PROJECT_VERSION = 1;
				DEVELOPMENT_ASSET_PATHS = "\"War Card Game/Preview Content\"";
				DEVELOPMENT_TEAM = 65Z7D992PN;
				ENABLE_PREVIEWS = YES;
				GENERATE_INFOPLIST_FILE = YES;
				INFOPLIST_KEY_UIApplicationSceneManifest_Generation = YES;
				INFOPLIST_KEY_UIApplicationSupportsIndirectInputEvents = YES;
				INFOPLIST_KEY_UILaunchScreen_Generation = YES;
				INFOPLIST_KEY_UISupportedInterfaceOrientations_iPad = "UIInterfaceOrientationPortrait UIInterfaceOrientationPortraitUpsideDown UIInterfaceOrientationLandscapeLeft UIInterfaceOrientationLandscapeRight";
				INFOPLIST_KEY_UISupportedInterfaceOrientations_iPhone = "UIInterfaceOrientationPortrait UIInterfaceOrientationLandscapeLeft UIInterfaceOrientationLandscapeRight";
				LD_RUNPATH_SEARCH_PATHS = (
					"$(inherited)",
					"@executable_path/Frameworks",
				);
				MARKETING_VERSION = 1.0;
				PRODUCT_BUNDLE_IDENTIFIER = "com.jed.War-Card-Game";
				PRODUCT_NAME = "$(TARGET_NAME)";
				SWIFT_EMIT_LOC_STRINGS = YES;
				SWIFT_VERSION = 5.0;
				TARGETED_DEVICE_FAMILY = "1,2";
			};
			name = Debug;
		};
		85FC8AFD2DB3942F0095351B /* Release */ = {
			isa = XCBuildConfiguration;
			buildSettings = {
				ASSETCATALOG_COMPILER_APPICON_NAME = AppIcon;
				ASSETCATALOG_COMPILER_GLOBAL_ACCENT_COLOR_NAME = AccentColor;
				CODE_SIGN_STYLE = Automatic;
				CURRENT_PROJECT_VERSION = 1;
				DEVELOPMENT_ASSET_PATHS = "\"War Card Game/Preview Content\"";
				DEVELOPMENT_TEAM = 65Z7D992PN;
				ENABLE_PREVIEWS = YES;
				GENERATE_INFOPLIST_FILE = YES;
				INFOPLIST_KEY_UIApplicationSceneManifest_Generation = YES;
				INFOPLIST_KEY_UIApplicationSupportsIndirectInputEvents = YES;
				INFOPLIST_KEY_UILaunchScreen_Generation = YES;
				INFOPLIST_KEY_UISupportedInterfaceOrientations_iPad = "UIInterfaceOrientationPortrait UIInterfaceOrientationPortraitUpsideDown UIInterfaceOrientationLandscapeLeft UIInterfaceOrientationLandscapeRight";
				INFOPLIST_KEY_UISupportedInterfaceOrientations_iPhone = "UIInterfaceOrientationPortrait UIInterfaceOrientationLandscapeLeft UIInterfaceOrientationLandscapeRight";
				LD_RUNPATH_SEARCH_PATHS = (
					"$(inherited)",
					"@executable_path/Frameworks",
				);
				MARKETING_VERSION = 1.0;
				PRODUCT_BUNDLE_IDENTIFIER = "com.jed.War-Card-Game";
				PRODUCT_NAME = "$(TARGET_NAME)";
				SWIFT_EMIT_LOC_STRINGS = YES;
				SWIFT_VERSION = 5.0;
				TARGETED_DEVICE_FAMILY = "1,2";
			};
			name = Release;
		};
		85FC8AFF2DB3942F0095351B /* Debug */ = {
			isa = XCBuildConfiguration;
			buildSettings = {
				BUNDLE_LOADER = "$(TEST_HOST)";
				CODE_SIGN_STYLE = Automatic;
				CURRENT_PROJECT_VERSION = 1;
				DEVELOPMENT_TEAM = 65Z7D992PN;
				GENERATE_INFOPLIST_FILE = YES;
				IPHONEOS_DEPLOYMENT_TARGET = 18.2;
				MARKETING_VERSION = 1.0;
				PRODUCT_BUNDLE_IDENTIFIER = "com.jed.War-Card-GameTests";
				PRODUCT_NAME = "$(TARGET_NAME)";
				SWIFT_EMIT_LOC_STRINGS = NO;
				SWIFT_VERSION = 5.0;
				TARGETED_DEVICE_FAMILY = "1,2";
				TEST_HOST = "$(BUILT_PRODUCTS_DIR)/War Card Game.app/$(BUNDLE_EXECUTABLE_FOLDER_PATH)/War Card Game";
			};
			name = Debug;
		};
		85FC8B002DB3942F0095351B /* Release */ = {
			isa = XCBuildConfiguration;
			buildSettings = {
				BUNDLE_LOADER = "$(TEST_HOST)";
				CODE_SIGN_STYLE = Automatic;
				CURRENT_PROJECT_VERSION = 1;
				DEVELOPMENT_TEAM = 65Z7D992PN;
				GENERATE_INFOPLIST_FILE = YES;
				IPHONEOS_DEPLOYMENT_TARGET = 18.2;
				MARKETING_VERSION = 1.0;
				PRODUCT_BUNDLE_IDENTIFIER = "com.jed.War-Card-GameTests";
				PRODUCT_NAME = "$(TARGET_NAME)";
				SWIFT_EMIT_LOC_STRINGS = NO;
				SWIFT_VERSION = 5.0;
				TARGETED_DEVICE_FAMILY = "1,2";
				TEST_HOST = "$(BUILT_PRODUCTS_DIR)/War Card Game.app/$(BUNDLE_EXECUTABLE_FOLDER_PATH)/War Card Game";
			};
			name = Release;
		};
		85FC8B022DB3942F0095351B /* Debug */ = {
			isa = XCBuildConfiguration;
			buildSettings = {
				CODE_SIGN_STYLE = Automatic;
				CURRENT_PROJECT_VERSION = 1;
				DEVELOPMENT_TEAM = 65Z7D992PN;
				GENERATE_INFOPLIST_FILE = YES;
				MARKETING_VERSION = 1.0;
				PRODUCT_BUNDLE_IDENTIFIER = "com.jed.War-Card-GameUITests";
				PRODUCT_NAME = "$(TARGET_NAME)";
				SWIFT_EMIT_LOC_STRINGS = NO;
				SWIFT_VERSION = 5.0;
				TARGETED_DEVICE_FAMILY = "1,2";
				TEST_TARGET_NAME = "War Card Game";
			};
			name = Debug;
		};
		85FC8B032DB3942F0095351B /* Release */ = {
			isa = XCBuildConfiguration;
			buildSettings = {
				CODE_SIGN_STYLE = Automatic;
				CURRENT_PROJECT_VERSION = 1;
				DEVELOPMENT_TEAM = 65Z7D992PN;
				GENERATE_INFOPLIST_FILE = YES;
				MARKETING_VERSION = 1.0;
				PRODUCT_BUNDLE_IDENTIFIER = "com.jed.War-Card-GameUITests";
				PRODUCT_NAME = "$(TARGET_NAME)";
				SWIFT_EMIT_LOC_STRINGS = NO;
				SWIFT_VERSION = 5.0;
				TARGETED_DEVICE_FAMILY = "1,2";
				TEST_TARGET_NAME = "War Card Game";
			};
			name = Release;
		};
/* End XCBuildConfiguration section */

/* Begin XCConfigurationList section */
		85FC8AD22DB3942D0095351B /* Build configuration list for PBXProject "War Card Game" */ = {
			isa = XCConfigurationList;
			buildConfigurations = (
				85FC8AF92DB3942F0095351B /* Debug */,
				85FC8AFA2DB3942F0095351B /* Release */,
			);
			defaultConfigurationIsVisible = 0;
			defaultConfigurationName = Release;
		};
		85FC8AFB2DB3942F0095351B /* Build configuration list for PBXNativeTarget "War Card Game" */ = {
			isa = XCConfigurationList;
			buildConfigurations = (
				85FC8AFC2DB3942F0095351B /* Debug */,
				85FC8AFD2DB3942F0095351B /* Release */,
			);
			defaultConfigurationIsVisible = 0;
			defaultConfigurationName = Release;
		};
		85FC8AFE2DB3942F0095351B /* Build configuration list for PBXNativeTarget "War Card GameTests" */ = {
			isa = XCConfigurationList;
			buildConfigurations = (
				85FC8AFF2DB3942F0095351B /* Debug */,
				85FC8B002DB3942F0095351B /* Release */,
			);
			defaultConfigurationIsVisible = 0;
			defaultConfigurationName = Release;
		};
		85FC8B012DB3942F0095351B /* Build configuration list for PBXNativeTarget "War Card GameUITests" */ = {
			isa = XCConfigurationList;
			buildConfigurations = (
				85FC8B022DB3942F0095351B /* Debug */,
				85FC8B032DB3942F0095351B /* Release */,
			);
			defaultConfigurationIsVisible = 0;
			defaultConfigurationName = Release;
		};
/* End XCConfigurationList section */
	};
	rootObject = 85FC8ACF2DB3942D0095351B /* Project object */;
}
